Microsoft Visual Studio Solution File, Format Version 12.00
# Visual Studio Version 17
VisualStudioVersion = 17.5.2.0
MinimumVisualStudioVersion = 10.0.40219.1
Project("{FAE04EC0-301F-11D3-BF4B-00C04F79EFBC}") = "TranscriptAnalytics", "TranscriptAnalytics.csproj", "{C5193DD2-496A-89DA-8AF9-E21E6E9B10F4}"
EndProject
Project("{FAE04EC0-301F-11D3-BF4B-00C04F79EFBC}") = "FormatAdder", "FormatAdder\FormatAdder.csproj", "{746D6B07-740C-2BB0-52CB-6E78085AF021}"
EndProject
Global
	GlobalSection(SolutionConfigurationPlatforms) = preSolution
		Debug|Any CPU = Debug|Any CPU
		Release|Any CPU = Release|Any CPU
	EndGlobalSection
	GlobalSection(ProjectConfigurationPlatforms) = postSolution
		{C5193DD2-496A-89DA-8AF9-E21E6E9B10F4}.Debug|Any CPU.ActiveCfg = Debug|Any CPU
		{C5193DD2-496A-89DA-8AF9-E21E6E9B10F4}.Debug|Any CPU.Build.0 = Debug|Any CPU
		{C5193DD2-496A-89DA-8AF9-E21E6E9B10F4}.Release|Any CPU.ActiveCfg = Release|Any CPU
		{C5193DD2-496A-89DA-8AF9-E21E6E9B10F4}.Release|Any CPU.Build.0 = Release|Any CPU
		{746D6B07-740C-2BB0-52CB-6E78085AF021}.Debug|Any CPU.ActiveCfg = Debug|Any CPU
		{746D6B07-740C-2BB0-52CB-6E78085AF021}.Debug|Any CPU.Build.0 = Debug|Any CPU
		{746D6B07-740C-2BB0-52CB-6E78085AF021}.Release|Any CPU.ActiveCfg = Release|Any CPU
		{746D6B07-740C-2BB0-52CB-6E78085AF021}.Release|Any CPU.Build.0 = Release|Any CPU
	EndGlobalSection
	GlobalSection(SolutionProperties) = preSolution
		HideSolutionNode = FALSE
	EndGlobalSection
	GlobalSection(ExtensibilityGlobals) = postSolution
		SolutionGuid = {64D2AF5B-0937-46C9-8889-F02123F10CBB}
	EndGlobalSection
EndGlobal
